// !$*UTF8*$!
{
	archiveVersion = 1;
	classes = {
	};
	objectVersion = 55;
	objects = {

/* Begin PBXBuildFile section */
		630310382D8ABED400B2DE91 /* DateFormatters.swift in Sources */ = {isa = PBXBuildFile; fileRef = 630310372D8ABED100B2DE91 /* DateFormatters.swift */; };
		630D8E2A2D873586001B8593 /* Fakery in Frameworks */ = {isa = PBXBuildFile; productRef = 630D8E292D873586001B8593 /* Fakery */; };
		630D8E2C2D873D9E001B8593 /* DudesListView.swift in Sources */ = {isa = PBXBuildFile; fileRef = 630D8E2B2D873D9E001B8593 /* DudesListView.swift */; };
		630D8E2E2D873E9E001B8593 /* FavoriteDudesListView.swift in Sources */ = {isa = PBXBuildFile; fileRef = 630D8E2D2D873E9E001B8593 /* FavoriteDudesListView.swift */; };
		630D8E302D873F11001B8593 /* Model.swift in Sources */ = {isa = PBXBuildFile; fileRef = 630D8E2F2D873F11001B8593 /* Model.swift */; };
		630D8E322D874C02001B8593 /* CatService.swift in Sources */ = {isa = PBXBuildFile; fileRef = 630D8E312D874C02001B8593 /* CatService.swift */; };
		630D8E352D874C44001B8593 /* Cat.swift in Sources */ = {isa = PBXBuildFile; fileRef = 630D8E342D874C44001B8593 /* Cat.swift */; };
		63204D542A606E8400E47D68 /* SwiftUIView.swift in Sources */ = {isa = PBXBuildFile; fileRef = 63204D532A606E8400E47D68 /* SwiftUIView.swift */; };
		6341EF662A700F3600598126 /* Info.md in Resources */ = {isa = PBXBuildFile; fileRef = 6341EF652A700F3600598126 /* Info.md */; };
		63581F5B2A5FCA06000BC086 /* AppDelegate.swift in Sources */ = {isa = PBXBuildFile; fileRef = 63581F5A2A5FCA06000BC086 /* AppDelegate.swift */; };
		63581F5D2A5FCA06000BC086 /* SceneDelegate.swift in Sources */ = {isa = PBXBuildFile; fileRef = 63581F5C2A5FCA06000BC086 /* SceneDelegate.swift */; };
		63581F5F2A5FCA06000BC086 /* ViewController.swift in Sources */ = {isa = PBXBuildFile; fileRef = 63581F5E2A5FCA06000BC086 /* ViewController.swift */; };
		63581F622A5FCA06000BC086 /* Main.storyboard in Resources */ = {isa = PBXBuildFile; fileRef = 63581F602A5FCA06000BC086 /* Main.storyboard */; };
		63581F642A5FCA07000BC086 /* Assets.xcassets in Resources */ = {isa = PBXBuildFile; fileRef = 63581F632A5FCA07000BC086 /* Assets.xcassets */; };
		63581F672A5FCA07000BC086 /* LaunchScreen.storyboard in Resources */ = {isa = PBXBuildFile; fileRef = 63581F652A5FCA07000BC086 /* LaunchScreen.storyboard */; };
		63581F702A5FCA34000BC086 /* SnapKit in Frameworks */ = {isa = PBXBuildFile; productRef = 63581F6F2A5FCA34000BC086 /* SnapKit */; };
		63581F732A5FCE3B000BC086 /* LeaksViewController.swift in Sources */ = {isa = PBXBuildFile; fileRef = 63581F722A5FCE3B000BC086 /* LeaksViewController.swift */; };
		63581F752A5FCE4F000BC086 /* LeaksCounter.swift in Sources */ = {isa = PBXBuildFile; fileRef = 63581F742A5FCE4F000BC086 /* LeaksCounter.swift */; };
		63581F772A5FCFB0000BC086 /* ClockHelper.swift in Sources */ = {isa = PBXBuildFile; fileRef = 63581F762A5FCFB0000BC086 /* ClockHelper.swift */; };
		6380B8C82A6FC1B800777579 /* Then in Frameworks */ = {isa = PBXBuildFile; productRef = 6380B8C72A6FC1B800777579 /* Then */; };
		6380B8CA2A6FC30600777579 /* ReactiveView.swift in Sources */ = {isa = PBXBuildFile; fileRef = 6380B8C92A6FC30600777579 /* ReactiveView.swift */; };
		6380B8CC2A6FC31100777579 /* ReactiveViewModel.swift in Sources */ = {isa = PBXBuildFile; fileRef = 6380B8CB2A6FC31100777579 /* ReactiveViewModel.swift */; };
/* End PBXBuildFile section */

/* Begin PBXFileReference section */
		630310372D8ABED100B2DE91 /* DateFormatters.swift */ = {isa = PBXFileReference; lastKnownFileType = sourcecode.swift; path = DateFormatters.swift; sourceTree = "<group>"; };
		630D8E2B2D873D9E001B8593 /* DudesListView.swift */ = {isa = PBXFileReference; lastKnownFileType = sourcecode.swift; path = DudesListView.swift; sourceTree = "<group>"; };
		630D8E2D2D873E9E001B8593 /* FavoriteDudesListView.swift */ = {isa = PBXFileReference; lastKnownFileType = sourcecode.swift; path = FavoriteDudesListView.swift; sourceTree = "<group>"; };
		630D8E2F2D873F11001B8593 /* Model.swift */ = {isa = PBXFileReference; lastKnownFileType = sourcecode.swift; path = Model.swift; sourceTree = "<group>"; };
		630D8E312D874C02001B8593 /* CatService.swift */ = {isa = PBXFileReference; lastKnownFileType = sourcecode.swift; path = CatService.swift; sourceTree = "<group>"; };
		630D8E342D874C44001B8593 /* Cat.swift */ = {isa = PBXFileReference; lastKnownFileType = sourcecode.swift; path = Cat.swift; sourceTree = "<group>"; };
		63204D532A606E8400E47D68 /* SwiftUIView.swift */ = {isa = PBXFileReference; lastKnownFileType = sourcecode.swift; path = SwiftUIView.swift; sourceTree = "<group>"; };
		6341EF652A700F3600598126 /* Info.md */ = {isa = PBXFileReference; lastKnownFileType = net.daringfireball.markdown; path = Info.md; sourceTree = "<group>"; };
		6341EF672A700F9700598126 /* Layout.png */ = {isa = PBXFileReference; lastKnownFileType = image.png; path = Layout.png; sourceTree = "<group>"; };
		63581F572A5FCA06000BC086 /* FixMe.app */ = {isa = PBXFileReference; explicitFileType = wrapper.application; includeInIndex = 0; path = FixMe.app; sourceTree = BUILT_PRODUCTS_DIR; };
		63581F5A2A5FCA06000BC086 /* AppDelegate.swift */ = {isa = PBXFileReference; lastKnownFileType = sourcecode.swift; path = AppDelegate.swift; sourceTree = "<group>"; };
		63581F5C2A5FCA06000BC086 /* SceneDelegate.swift */ = {isa = PBXFileReference; lastKnownFileType = sourcecode.swift; path = SceneDelegate.swift; sourceTree = "<group>"; };
		63581F5E2A5FCA06000BC086 /* ViewController.swift */ = {isa = PBXFileReference; lastKnownFileType = sourcecode.swift; path = ViewController.swift; sourceTree = "<group>"; };
		63581F612A5FCA06000BC086 /* Base */ = {isa = PBXFileReference; lastKnownFileType = file.storyboard; name = Base; path = Base.lproj/Main.storyboard; sourceTree = "<group>"; };
		63581F632A5FCA07000BC086 /* Assets.xcassets */ = {isa = PBXFileReference; lastKnownFileType = folder.assetcatalog; path = Assets.xcassets; sourceTree = "<group>"; };
		63581F662A5FCA07000BC086 /* Base */ = {isa = PBXFileReference; lastKnownFileType = file.storyboard; name = Base; path = Base.lproj/LaunchScreen.storyboard; sourceTree = "<group>"; };
		63581F682A5FCA07000BC086 /* Info.plist */ = {isa = PBXFileReference; lastKnownFileType = text.plist.xml; path = Info.plist; sourceTree = "<group>"; };
		63581F722A5FCE3B000BC086 /* LeaksViewController.swift */ = {isa = PBXFileReference; lastKnownFileType = sourcecode.swift; path = LeaksViewController.swift; sourceTree = "<group>"; };
		63581F742A5FCE4F000BC086 /* LeaksCounter.swift */ = {isa = PBXFileReference; lastKnownFileType = sourcecode.swift; path = LeaksCounter.swift; sourceTree = "<group>"; };
		63581F762A5FCFB0000BC086 /* ClockHelper.swift */ = {isa = PBXFileReference; lastKnownFileType = sourcecode.swift; path = ClockHelper.swift; sourceTree = "<group>"; };
		6380B8C92A6FC30600777579 /* ReactiveView.swift */ = {isa = PBXFileReference; lastKnownFileType = sourcecode.swift; path = ReactiveView.swift; sourceTree = "<group>"; };
		6380B8CB2A6FC31100777579 /* ReactiveViewModel.swift */ = {isa = PBXFileReference; lastKnownFileType = sourcecode.swift; path = ReactiveViewModel.swift; sourceTree = "<group>"; };
/* End PBXFileReference section */

/* Begin PBXFrameworksBuildPhase section */
		63581F542A5FCA06000BC086 /* Frameworks */ = {
			isa = PBXFrameworksBuildPhase;
			buildActionMask = 2147483647;
			files = (
				63581F702A5FCA34000BC086 /* SnapKit in Frameworks */,
				6380B8C82A6FC1B800777579 /* Then in Frameworks */,
				630D8E2A2D873586001B8593 /* Fakery in Frameworks */,
			);
			runOnlyForDeploymentPostprocessing = 0;
		};
/* End PBXFrameworksBuildPhase section */

/* Begin PBXGroup section */
		630D8E332D874C34001B8593 /* Services */ = {
			isa = PBXGroup;
			children = (
				630310372D8ABED100B2DE91 /* DateFormatters.swift */,
				630D8E312D874C02001B8593 /* CatService.swift */,
				630D8E342D874C44001B8593 /* Cat.swift */,
			);
			path = Services;
			sourceTree = "<group>";
		};
		63204D522A606E7800E47D68 /* SwiftUI */ = {
			isa = PBXGroup;
			children = (
				63204D532A606E8400E47D68 /* SwiftUIView.swift */,
				630D8E2B2D873D9E001B8593 /* DudesListView.swift */,
				630D8E2D2D873E9E001B8593 /* FavoriteDudesListView.swift */,
				630D8E2F2D873F11001B8593 /* Model.swift */,
			);
			path = SwiftUI;
			sourceTree = "<group>";
		};
		63581F4E2A5FCA06000BC086 = {
			isa = PBXGroup;
			children = (
				63581F592A5FCA06000BC086 /* FixMe */,
				63581F582A5FCA06000BC086 /* Products */,
			);
			sourceTree = "<group>";
		};
		63581F582A5FCA06000BC086 /* Products */ = {
			isa = PBXGroup;
			children = (
				63581F572A5FCA06000BC086 /* FixMe.app */,
			);
			name = Products;
			sourceTree = "<group>";
		};
		63581F592A5FCA06000BC086 /* FixMe */ = {
			isa = PBXGroup;
			children = (
				630D8E332D874C34001B8593 /* Services */,
				6380B8C52A6FBF6B00777579 /* Reactive */,
				63204D522A606E7800E47D68 /* SwiftUI */,
				63581F712A5FCE2C000BC086 /* Leaks */,
				63581F5A2A5FCA06000BC086 /* AppDelegate.swift */,
				63581F5C2A5FCA06000BC086 /* SceneDelegate.swift */,
				63581F5E2A5FCA06000BC086 /* ViewController.swift */,
				63581F602A5FCA06000BC086 /* Main.storyboard */,
				63581F632A5FCA07000BC086 /* Assets.xcassets */,
				63581F652A5FCA07000BC086 /* LaunchScreen.storyboard */,
				63581F682A5FCA07000BC086 /* Info.plist */,
			);
			path = FixMe;
			sourceTree = "<group>";
		};
		63581F712A5FCE2C000BC086 /* Leaks */ = {
			isa = PBXGroup;
			children = (
				63581F722A5FCE3B000BC086 /* LeaksViewController.swift */,
				63581F742A5FCE4F000BC086 /* LeaksCounter.swift */,
				63581F762A5FCFB0000BC086 /* ClockHelper.swift */,
			);
			path = Leaks;
			sourceTree = "<group>";
		};
		6380B8C52A6FBF6B00777579 /* Reactive */ = {
			isa = PBXGroup;
			children = (
				6380B8C92A6FC30600777579 /* ReactiveView.swift */,
				6380B8CB2A6FC31100777579 /* ReactiveViewModel.swift */,
				6341EF652A700F3600598126 /* Info.md */,
				6341EF672A700F9700598126 /* Layout.png */,
			);
			path = Reactive;
			sourceTree = "<group>";
		};
/* End PBXGroup section */

/* Begin PBXNativeTarget section */
		63581F562A5FCA06000BC086 /* FixMe */ = {
			isa = PBXNativeTarget;
			buildConfigurationList = 63581F6B2A5FCA07000BC086 /* Build configuration list for PBXNativeTarget "FixMe" */;
			buildPhases = (
				63581F532A5FCA06000BC086 /* Sources */,
				63581F542A5FCA06000BC086 /* Frameworks */,
				63581F552A5FCA06000BC086 /* Resources */,
			);
			buildRules = (
			);
			dependencies = (
			);
			name = FixMe;
			packageProductDependencies = (
				63581F6F2A5FCA34000BC086 /* SnapKit */,
				6380B8C72A6FC1B800777579 /* Then */,
				630D8E292D873586001B8593 /* Fakery */,
			);
			productName = FixMe;
			productReference = 63581F572A5FCA06000BC086 /* FixMe.app */;
			productType = "com.apple.product-type.application";
		};
/* End PBXNativeTarget section */

/* Begin PBXProject section */
		63581F4F2A5FCA06000BC086 /* Project object */ = {
			isa = PBXProject;
			attributes = {
				BuildIndependentTargetsInParallel = 1;
				LastSwiftUpdateCheck = 1430;
				LastUpgradeCheck = 1620;
				TargetAttributes = {
					63581F562A5FCA06000BC086 = {
						CreatedOnToolsVersion = 14.3.1;
					};
				};
			};
			buildConfigurationList = 63581F522A5FCA06000BC086 /* Build configuration list for PBXProject "FixMe" */;
			compatibilityVersion = "Xcode 13.0";
			developmentRegion = en;
			hasScannedForEncodings = 0;
			knownRegions = (
				en,
				Base,
			);
			mainGroup = 63581F4E2A5FCA06000BC086;
			packageReferences = (
				63581F6E2A5FCA34000BC086 /* XCRemoteSwiftPackageReference "SnapKit" */,
				6380B8C62A6FC1B800777579 /* XCRemoteSwiftPackageReference "Then" */,
				630D8E282D873586001B8593 /* XCRemoteSwiftPackageReference "Fakery" */,
			);
			productRefGroup = 63581F582A5FCA06000BC086 /* Products */;
			projectDirPath = "";
			projectRoot = "";
			targets = (
				63581F562A5FCA06000BC086 /* FixMe */,
			);
		};
/* End PBXProject section */

/* Begin PBXResourcesBuildPhase section */
		63581F552A5FCA06000BC086 /* Resources */ = {
			isa = PBXResourcesBuildPhase;
			buildActionMask = 2147483647;
			files = (
				63581F672A5FCA07000BC086 /* LaunchScreen.storyboard in Resources */,
				63581F642A5FCA07000BC086 /* Assets.xcassets in Resources */,
				6341EF662A700F3600598126 /* Info.md in Resources */,
				63581F622A5FCA06000BC086 /* Main.storyboard in Resources */,
			);
			runOnlyForDeploymentPostprocessing = 0;
		};
/* End PBXResourcesBuildPhase section */

/* Begin PBXSourcesBuildPhase section */
		63581F532A5FCA06000BC086 /* Sources */ = {
			isa = PBXSourcesBuildPhase;
			buildActionMask = 2147483647;
			files = (
				63581F772A5FCFB0000BC086 /* ClockHelper.swift in Sources */,
				63204D542A606E8400E47D68 /* SwiftUIView.swift in Sources */,
				630D8E2C2D873D9E001B8593 /* DudesListView.swift in Sources */,
				630D8E302D873F11001B8593 /* Model.swift in Sources */,
				630D8E2E2D873E9E001B8593 /* FavoriteDudesListView.swift in Sources */,
				630D8E322D874C02001B8593 /* CatService.swift in Sources */,
				630310382D8ABED400B2DE91 /* DateFormatters.swift in Sources */,
				63581F5F2A5FCA06000BC086 /* ViewController.swift in Sources */,
				6380B8CC2A6FC31100777579 /* ReactiveViewModel.swift in Sources */,
				630D8E352D874C44001B8593 /* Cat.swift in Sources */,
				6380B8CA2A6FC30600777579 /* ReactiveView.swift in Sources */,
				63581F5B2A5FCA06000BC086 /* AppDelegate.swift in Sources */,
				63581F752A5FCE4F000BC086 /* LeaksCounter.swift in Sources */,
				63581F5D2A5FCA06000BC086 /* SceneDelegate.swift in Sources */,
				63581F732A5FCE3B000BC086 /* LeaksViewController.swift in Sources */,
			);
			runOnlyForDeploymentPostprocessing = 0;
		};
/* End PBXSourcesBuildPhase section */

/* Begin PBXVariantGroup section */
		63581F602A5FCA06000BC086 /* Main.storyboard */ = {
			isa = PBXVariantGroup;
			children = (
				63581F612A5FCA06000BC086 /* Base */,
			);
			name = Main.storyboard;
			sourceTree = "<group>";
		};
		63581F652A5FCA07000BC086 /* LaunchScreen.storyboard */ = {
			isa = PBXVariantGroup;
			children = (
				63581F662A5FCA07000BC086 /* Base */,
			);
			name = LaunchScreen.storyboard;
			sourceTree = "<group>";
		};
/* End PBXVariantGroup section */

/* Begin XCBuildConfiguration section */
		63581F692A5FCA07000BC086 /* Debug */ = {
			isa = XCBuildConfiguration;
			buildSettings = {
				ALWAYS_SEARCH_USER_PATHS = NO;
				CLANG_ANALYZER_NONNULL = YES;
				CLANG_ANALYZER_NUMBER_OBJECT_CONVERSION = YES_AGGRESSIVE;
				CLANG_CXX_LANGUAGE_STANDARD = "gnu++20";
				CLANG_ENABLE_MODULES = YES;
				CLANG_ENABLE_OBJC_ARC = YES;
				CLANG_ENABLE_OBJC_WEAK = YES;
				CLANG_WARN_BLOCK_CAPTURE_AUTORELEASING = YES;
				CLANG_WARN_BOOL_CONVERSION = YES;
				CLANG_WARN_COMMA = YES;
				CLANG_WARN_CONSTANT_CONVERSION = YES;
				CLANG_WARN_DEPRECATED_OBJC_IMPLEMENTATIONS = YES;
				CLANG_WARN_DIRECT_OBJC_ISA_USAGE = YES_ERROR;
				CLANG_WARN_DOCUMENTATION_COMMENTS = YES;
				CLANG_WARN_EMPTY_BODY = YES;
				CLANG_WARN_ENUM_CONVERSION = YES;
				CLANG_WARN_INFINITE_RECURSION = YES;
				CLANG_WARN_INT_CONVERSION = YES;
				CLANG_WARN_NON_LITERAL_NULL_CONVERSION = YES;
				CLANG_WARN_OBJC_IMPLICIT_RETAIN_SELF = YES;
				CLANG_WARN_OBJC_LITERAL_CONVERSION = YES;
				CLANG_WARN_OBJC_ROOT_CLASS = YES_ERROR;
				CLANG_WARN_QUOTED_INCLUDE_IN_FRAMEWORK_HEADER = YES;
				CLANG_WARN_RANGE_LOOP_ANALYSIS = YES;
				CLANG_WARN_STRICT_PROTOTYPES = YES;
				CLANG_WARN_SUSPICIOUS_MOVE = YES;
				CLANG_WARN_UNGUARDED_AVAILABILITY = YES_AGGRESSIVE;
				CLANG_WARN_UNREACHABLE_CODE = YES;
				CLANG_WARN__DUPLICATE_METHOD_MATCH = YES;
				COPY_PHASE_STRIP = NO;
				DEBUG_INFORMATION_FORMAT = dwarf;
				ENABLE_STRICT_OBJC_MSGSEND = YES;
				ENABLE_TESTABILITY = YES;
				ENABLE_USER_SCRIPT_SANDBOXING = YES;
				GCC_C_LANGUAGE_STANDARD = gnu11;
				GCC_DYNAMIC_NO_PIC = NO;
				GCC_NO_COMMON_BLOCKS = YES;
				GCC_OPTIMIZATION_LEVEL = 0;
				GCC_PREPROCESSOR_DEFINITIONS = (
					"DEBUG=1",
					"$(inherited)",
				);
				GCC_WARN_64_TO_32_BIT_CONVERSION = YES;
				GCC_WARN_ABOUT_RETURN_TYPE = YES_ERROR;
				GCC_WARN_UNDECLARED_SELECTOR = YES;
				GCC_WARN_UNINITIALIZED_AUTOS = YES_AGGRESSIVE;
				GCC_WARN_UNUSED_FUNCTION = YES;
				GCC_WARN_UNUSED_VARIABLE = YES;
				IPHONEOS_DEPLOYMENT_TARGET = 16.4;
				MTL_ENABLE_DEBUG_INFO = INCLUDE_SOURCE;
				MTL_FAST_MATH = YES;
				ONLY_ACTIVE_ARCH = YES;
				SDKROOT = iphoneos;
				SWIFT_ACTIVE_COMPILATION_CONDITIONS = DEBUG;
				SWIFT_OPTIMIZATION_LEVEL = "-Onone";
			};
			name = Debug;
		};
		63581F6A2A5FCA07000BC086 /* Release */ = {
			isa = XCBuildConfiguration;
			buildSettings = {
				ALWAYS_SEARCH_USER_PATHS = NO;
				CLANG_ANALYZER_NONNULL = YES;
				CLANG_ANALYZER_NUMBER_OBJECT_CONVERSION = YES_AGGRESSIVE;
				CLANG_CXX_LANGUAGE_STANDARD = "gnu++20";
				CLANG_ENABLE_MODULES = YES;
				CLANG_ENABLE_OBJC_ARC = YES;
				CLANG_ENABLE_OBJC_WEAK = YES;
				CLANG_WARN_BLOCK_CAPTURE_AUTORELEASING = YES;
				CLANG_WARN_BOOL_CONVERSION = YES;
				CLANG_WARN_COMMA = YES;
				CLANG_WARN_CONSTANT_CONVERSION = YES;
				CLANG_WARN_DEPRECATED_OBJC_IMPLEMENTATIONS = YES;
				CLANG_WARN_DIRECT_OBJC_ISA_USAGE = YES_ERROR;
				CLANG_WARN_DOCUMENTATION_COMMENTS = YES;
				CLANG_WARN_EMPTY_BODY = YES;
				CLANG_WARN_ENUM_CONVERSION = YES;
				CLANG_WARN_INFINITE_RECURSION = YES;
				CLANG_WARN_INT_CONVERSION = YES;
				CLANG_WARN_NON_LITERAL_NULL_CONVERSION = YES;
				CLANG_WARN_OBJC_IMPLICIT_RETAIN_SELF = YES;
				CLANG_WARN_OBJC_LITERAL_CONVERSION = YES;
				CLANG_WARN_OBJC_ROOT_CLASS = YES_ERROR;
				CLANG_WARN_QUOTED_INCLUDE_IN_FRAMEWORK_HEADER = YES;
				CLANG_WARN_RANGE_LOOP_ANALYSIS = YES;
				CLANG_WARN_STRICT_PROTOTYPES = YES;
				CLANG_WARN_SUSPICIOUS_MOVE = YES;
				CLANG_WARN_UNGUARDED_AVAILABILITY = YES_AGGRESSIVE;
				CLANG_WARN_UNREACHABLE_CODE = YES;
				CLANG_WARN__DUPLICATE_METHOD_MATCH = YES;
				COPY_PHASE_STRIP = NO;
				DEBUG_INFORMATION_FORMAT = "dwarf-with-dsym";
				ENABLE_NS_ASSERTIONS = NO;
				ENABLE_STRICT_OBJC_MSGSEND = YES;
				ENABLE_USER_SCRIPT_SANDBOXING = YES;
				GCC_C_LANGUAGE_STANDARD = gnu11;
				GCC_NO_COMMON_BLOCKS = YES;
				GCC_WARN_64_TO_32_BIT_CONVERSION = YES;
				GCC_WARN_ABOUT_RETURN_TYPE = YES_ERROR;
				GCC_WARN_UNDECLARED_SELECTOR = YES;
				GCC_WARN_UNINITIALIZED_AUTOS = YES_AGGRESSIVE;
				GCC_WARN_UNUSED_FUNCTION = YES;
				GCC_WARN_UNUSED_VARIABLE = YES;
				IPHONEOS_DEPLOYMENT_TARGET = 16.4;
				MTL_ENABLE_DEBUG_INFO = NO;
				MTL_FAST_MATH = YES;
				SDKROOT = iphoneos;
				SWIFT_COMPILATION_MODE = wholemodule;
				SWIFT_OPTIMIZATION_LEVEL = "-O";
				VALIDATE_PRODUCT = YES;
			};
			name = Release;
		};
		63581F6C2A5FCA07000BC086 /* Debug */ = {
			isa = XCBuildConfiguration;
			buildSettings = {
				ASSETCATALOG_COMPILER_APPICON_NAME = AppIcon;
				ASSETCATALOG_COMPILER_GLOBAL_ACCENT_COLOR_NAME = AccentColor;
				CODE_SIGN_STYLE = Automatic;
				CURRENT_PROJECT_VERSION = 1;
				DEVELOPMENT_TEAM = E987EZ8M6L;
				GENERATE_INFOPLIST_FILE = YES;
				INFOPLIST_FILE = FixMe/Info.plist;
				INFOPLIST_KEY_UIApplicationSupportsIndirectInputEvents = YES;
				INFOPLIST_KEY_UILaunchStoryboardName = LaunchScreen;
				INFOPLIST_KEY_UIMainStoryboardFile = Main;
				INFOPLIST_KEY_UISupportedInterfaceOrientations_iPad = "UIInterfaceOrientationPortrait UIInterfaceOrientationPortraitUpsideDown UIInterfaceOrientationLandscapeLeft UIInterfaceOrientationLandscapeRight";
				INFOPLIST_KEY_UISupportedInterfaceOrientations_iPhone = "UIInterfaceOrientationPortrait UIInterfaceOrientationLandscapeLeft UIInterfaceOrientationLandscapeRight";
				IPHONEOS_DEPLOYMENT_TARGET = 17.6;
				LD_RUNPATH_SEARCH_PATHS = (
					"$(inherited)",
					"@executable_path/Frameworks",
				);
				MARKETING_VERSION = 1.0;
				PRODUCT_BUNDLE_IDENTIFIER = me.antonyuk.FixMe;
				PRODUCT_NAME = "$(TARGET_NAME)";
				SWIFT_EMIT_LOC_STRINGS = YES;
				SWIFT_VERSION = 5.0;
				TARGETED_DEVICE_FAMILY = "1,2";
			};
			name = Debug;
		};
		63581F6D2A5FCA07000BC086 /* Release */ = {
			isa = XCBuildConfiguration;
			buildSettings = {
				ASSETCATALOG_COMPILER_APPICON_NAME = AppIcon;
				ASSETCATALOG_COMPILER_GLOBAL_ACCENT_COLOR_NAME = AccentColor;
				CODE_SIGN_STYLE = Automatic;
				CURRENT_PROJECT_VERSION = 1;
				DEVELOPMENT_TEAM = E987EZ8M6L;
				GENERATE_INFOPLIST_FILE = YES;
				INFOPLIST_FILE = FixMe/Info.plist;
				INFOPLIST_KEY_UIApplicationSupportsIndirectInputEvents = YES;
				INFOPLIST_KEY_UILaunchStoryboardName = LaunchScreen;
				INFOPLIST_KEY_UIMainStoryboardFile = Main;
				INFOPLIST_KEY_UISupportedInterfaceOrientations_iPad = "UIInterfaceOrientationPortrait UIInterfaceOrientationPortraitUpsideDown UIInterfaceOrientationLandscapeLeft UIInterfaceOrientationLandscapeRight";
				INFOPLIST_KEY_UISupportedInterfaceOrientations_iPhone = "UIInterfaceOrientationPortrait UIInterfaceOrientationLandscapeLeft UIInterfaceOrientationLandscapeRight";
				IPHONEOS_DEPLOYMENT_TARGET = 17.6;
				LD_RUNPATH_SEARCH_PATHS = (
					"$(inherited)",
					"@executable_path/Frameworks",
				);
				MARKETING_VERSION = 1.0;
				PRODUCT_BUNDLE_IDENTIFIER = me.antonyuk.FixMe;
				PRODUCT_NAME = "$(TARGET_NAME)";
				SWIFT_EMIT_LOC_STRINGS = YES;
				SWIFT_VERSION = 5.0;
				TARGETED_DEVICE_FAMILY = "1,2";
			};
			name = Release;
		};
/* End XCBuildConfiguration section */

/* Begin XCConfigurationList section */
		63581F522A5FCA06000BC086 /* Build configuration list for PBXProject "FixMe" */ = {
			isa = XCConfigurationList;
			buildConfigurations = (
				63581F692A5FCA07000BC086 /* Debug */,
				63581F6A2A5FCA07000BC086 /* Release */,
			);
			defaultConfigurationIsVisible = 0;
			defaultConfigurationName = Release;
		};
		63581F6B2A5FCA07000BC086 /* Build configuration list for PBXNativeTarget "FixMe" */ = {
			isa = XCConfigurationList;
			buildConfigurations = (
				63581F6C2A5FCA07000BC086 /* Debug */,
				63581F6D2A5FCA07000BC086 /* Release */,
			);
			defaultConfigurationIsVisible = 0;
			defaultConfigurationName = Release;
		};
/* End XCConfigurationList section */

/* Begin XCRemoteSwiftPackageReference section */
		630D8E282D873586001B8593 /* XCRemoteSwiftPackageReference "Fakery" */ = {
			isa = XCRemoteSwiftPackageReference;
			repositoryURL = "https://github.com/vadymmarkov/Fakery";
			requirement = {
				kind = upToNextMajorVersion;
				minimumVersion = 5.1.0;
			};
		};
		63581F6E2A5FCA34000BC086 /* XCRemoteSwiftPackageReference "SnapKit" */ = {
			isa = XCRemoteSwiftPackageReference;
			repositoryURL = "https://github.com/SnapKit/SnapKit.git";
			requirement = {
				kind = upToNextMajorVersion;
				minimumVersion = 5.0.0;
			};
		};
		6380B8C62A6FC1B800777579 /* XCRemoteSwiftPackageReference "Then" */ = {
			isa = XCRemoteSwiftPackageReference;
			repositoryURL = "https://github.com/devxoul/Then";
			requirement = {
				kind = upToNextMajorVersion;
				minimumVersion = 3.0.0;
			};
		};
/* End XCRemoteSwiftPackageReference section */

/* Begin XCSwiftPackageProductDependency section */
		630D8E292D873586001B8593 /* Fakery */ = {
			isa = XCSwiftPackageProductDependency;
			package = 630D8E282D873586001B8593 /* XCRemoteSwiftPackageReference "Fakery" */;
			productName = Fakery;
		};
		63581F6F2A5FCA34000BC086 /* SnapKit */ = {
			isa = XCSwiftPackageProductDependency;
			package = 63581F6E2A5FCA34000BC086 /* XCRemoteSwiftPackageReference "SnapKit" */;
			productName = SnapKit;
		};
		6380B8C72A6FC1B800777579 /* Then */ = {
			isa = XCSwiftPackageProductDependency;
			package = 6380B8C62A6FC1B800777579 /* XCRemoteSwiftPackageReference "Then" */;
			productName = Then;
		};
/* End XCSwiftPackageProductDependency section */
	};
	rootObject = 63581F4F2A5FCA06000BC086 /* Project object */;
}
